// !$*UTF8*$!
{
	archiveVersion = 1;
	classes = {
	};
	objectVersion = 48;
	objects = {

/* Begin PBXBuildFile section */
		E839D99C200F570B00E96F27 /* DataModel.xcdatamodeld in Sources */ = {isa = PBXBuildFile; fileRef = E839D99A200F570B00E96F27 /* DataModel.xcdatamodeld */; };
		E8BABFC6200E23F3009D81D1 /* AppDelegate.swift in Sources */ = {isa = PBXBuildFile; fileRef = E8BABFC5200E23F3009D81D1 /* AppDelegate.swift */; };
		E8BABFC8200E23F3009D81D1 /* TodoListViewController.swift in Sources */ = {isa = PBXBuildFile; fileRef = E8BABFC7200E23F3009D81D1 /* TodoListViewController.swift */; };
		E8BABFCB200E23F3009D81D1 /* Main.storyboard in Resources */ = {isa = PBXBuildFile; fileRef = E8BABFC9200E23F3009D81D1 /* Main.storyboard */; };
		E8BABFCD200E23F3009D81D1 /* Assets.xcassets in Resources */ = {isa = PBXBuildFile; fileRef = E8BABFCC200E23F3009D81D1 /* Assets.xcassets */; };
		E8BABFD0200E23F3009D81D1 /* LaunchScreen.storyboard in Resources */ = {isa = PBXBuildFile; fileRef = E8BABFCE200E23F3009D81D1 /* LaunchScreen.storyboard */; };
		E8C36339201086E900120BDF /* CategoryViewController.swift in Sources */ = {isa = PBXBuildFile; fileRef = E8C36338201086E900120BDF /* CategoryViewController.swift */; };
		F0EC19E51B7FE68B2760BE81 /* Pods_LetsDoIt.framework in Frameworks */ = {isa = PBXBuildFile; fileRef = 4F1B9E8EAA1E96B5529A2215 /* Pods_LetsDoIt.framework */; };
/* End PBXBuildFile section */

/* Begin PBXFileReference section */
		4F1B9E8EAA1E96B5529A2215 /* Pods_LetsDoIt.framework */ = {isa = PBXFileReference; explicitFileType = wrapper.framework; includeInIndex = 0; path = Pods_LetsDoIt.framework; sourceTree = BUILT_PRODUCTS_DIR; };
		637422DC9A50CA9EC781EDB9 /* Pods-LetsDoIt.release.xcconfig */ = {isa = PBXFileReference; includeInIndex = 1; lastKnownFileType = text.xcconfig; name = "Pods-LetsDoIt.release.xcconfig"; path = "Pods/Target Support Files/Pods-LetsDoIt/Pods-LetsDoIt.release.xcconfig"; sourceTree = "<group>"; };
		E839D99B200F570B00E96F27 /* DataModel.xcdatamodel */ = {isa = PBXFileReference; lastKnownFileType = wrapper.xcdatamodel; path = DataModel.xcdatamodel; sourceTree = "<group>"; };
		E8BABFC2200E23F3009D81D1 /* LetsDoIt.app */ = {isa = PBXFileReference; explicitFileType = wrapper.application; includeInIndex = 0; path = LetsDoIt.app; sourceTree = BUILT_PRODUCTS_DIR; };
		E8BABFC5200E23F3009D81D1 /* AppDelegate.swift */ = {isa = PBXFileReference; lastKnownFileType = sourcecode.swift; path = AppDelegate.swift; sourceTree = "<group>"; };
		E8BABFC7200E23F3009D81D1 /* TodoListViewController.swift */ = {isa = PBXFileReference; lastKnownFileType = sourcecode.swift; path = TodoListViewController.swift; sourceTree = "<group>"; };
		E8BABFCA200E23F3009D81D1 /* Base */ = {isa = PBXFileReference; lastKnownFileType = file.storyboard; name = Base; path = Base.lproj/Main.storyboard; sourceTree = "<group>"; };
		E8BABFCC200E23F3009D81D1 /* Assets.xcassets */ = {isa = PBXFileReference; lastKnownFileType = folder.assetcatalog; path = Assets.xcassets; sourceTree = "<group>"; };
		E8BABFCF200E23F3009D81D1 /* Base */ = {isa = PBXFileReference; lastKnownFileType = file.storyboard; name = Base; path = Base.lproj/LaunchScreen.storyboard; sourceTree = "<group>"; };
		E8BABFD1200E23F3009D81D1 /* Info.plist */ = {isa = PBXFileReference; lastKnownFileType = text.plist.xml; path = Info.plist; sourceTree = "<group>"; };
		E8C36338201086E900120BDF /* CategoryViewController.swift */ = {isa = PBXFileReference; lastKnownFileType = sourcecode.swift; path = CategoryViewController.swift; sourceTree = "<group>"; };
		FB4CB44E635B6E56CC1D8A5B /* Pods-LetsDoIt.debug.xcconfig */ = {isa = PBXFileReference; includeInIndex = 1; lastKnownFileType = text.xcconfig; name = "Pods-LetsDoIt.debug.xcconfig"; path = "Pods/Target Support Files/Pods-LetsDoIt/Pods-LetsDoIt.debug.xcconfig"; sourceTree = "<group>"; };
/* End PBXFileReference section */

/* Begin PBXFrameworksBuildPhase section */
		E8BABFBF200E23F3009D81D1 /* Frameworks */ = {
			isa = PBXFrameworksBuildPhase;
			buildActionMask = 2147483647;
			files = (
				F0EC19E51B7FE68B2760BE81 /* Pods_LetsDoIt.framework in Frameworks */,
			);
			runOnlyForDeploymentPostprocessing = 0;
		};
/* End PBXFrameworksBuildPhase section */

/* Begin PBXGroup section */
		37F6CD770CB3E2CBE877ABA3 /* Pods */ = {
			isa = PBXGroup;
			children = (
				FB4CB44E635B6E56CC1D8A5B /* Pods-LetsDoIt.debug.xcconfig */,
				637422DC9A50CA9EC781EDB9 /* Pods-LetsDoIt.release.xcconfig */,
			);
			name = Pods;
			sourceTree = "<group>";
		};
		DF9F9E8E6B280B2DFD6F0C64 /* Frameworks */ = {
			isa = PBXGroup;
			children = (
				4F1B9E8EAA1E96B5529A2215 /* Pods_LetsDoIt.framework */,
			);
			name = Frameworks;
			sourceTree = "<group>";
		};
		E839D994200F42A700E96F27 /* Model */ = {
			isa = PBXGroup;
			children = (
				E839D99A200F570B00E96F27 /* DataModel.xcdatamodeld */,
			);
			path = Model;
			sourceTree = "<group>";
		};
		E839D997200F436400E96F27 /* Controller */ = {
			isa = PBXGroup;
			children = (
				E8BABFC7200E23F3009D81D1 /* TodoListViewController.swift */,
				E8C36338201086E900120BDF /* CategoryViewController.swift */,
			);
			path = Controller;
			sourceTree = "<group>";
		};
		E839D998200F436E00E96F27 /* View */ = {
			isa = PBXGroup;
			children = (
				E8BABFC9200E23F3009D81D1 /* Main.storyboard */,
			);
			path = View;
			sourceTree = "<group>";
		};
		E839D999200F438700E96F27 /* Supporting Files */ = {
			isa = PBXGroup;
			children = (
				E8BABFCC200E23F3009D81D1 /* Assets.xcassets */,
				E8BABFCE200E23F3009D81D1 /* LaunchScreen.storyboard */,
			);
			path = "Supporting Files";
			sourceTree = "<group>";
		};
		E8BABFB9200E23F3009D81D1 = {
			isa = PBXGroup;
			children = (
				E8BABFC4200E23F3009D81D1 /* LetsDoIt */,
				E8BABFC3200E23F3009D81D1 /* Products */,
				37F6CD770CB3E2CBE877ABA3 /* Pods */,
				DF9F9E8E6B280B2DFD6F0C64 /* Frameworks */,
			);
			sourceTree = "<group>";
		};
		E8BABFC3200E23F3009D81D1 /* Products */ = {
			isa = PBXGroup;
			children = (
				E8BABFC2200E23F3009D81D1 /* LetsDoIt.app */,
			);
			name = Products;
			sourceTree = "<group>";
		};
		E8BABFC4200E23F3009D81D1 /* LetsDoIt */ = {
			isa = PBXGroup;
			children = (
				E839D994200F42A700E96F27 /* Model */,
				E8BABFC5200E23F3009D81D1 /* AppDelegate.swift */,
				E839D997200F436400E96F27 /* Controller */,
				E839D998200F436E00E96F27 /* View */,
				E839D999200F438700E96F27 /* Supporting Files */,
				E8BABFD1200E23F3009D81D1 /* Info.plist */,
			);
			path = LetsDoIt;
			sourceTree = "<group>";
		};
/* End PBXGroup section */

/* Begin PBXNativeTarget section */
		E8BABFC1200E23F3009D81D1 /* LetsDoIt */ = {
			isa = PBXNativeTarget;
			buildConfigurationList = E8BABFD4200E23F3009D81D1 /* Build configuration list for PBXNativeTarget "LetsDoIt" */;
			buildPhases = (
				2E180F590B2B1343A23A8B2E /* [CP] Check Pods Manifest.lock */,
				E8BABFBE200E23F3009D81D1 /* Sources */,
				E8BABFBF200E23F3009D81D1 /* Frameworks */,
				E8BABFC0200E23F3009D81D1 /* Resources */,
				4AC4C76588CFFA64472B04C5 /* [CP] Embed Pods Frameworks */,
				F8847DD06DCD101A6B485599 /* [CP] Copy Pods Resources */,
			);
			buildRules = (
			);
			dependencies = (
			);
			name = LetsDoIt;
			productName = LetsDoIt;
			productReference = E8BABFC2200E23F3009D81D1 /* LetsDoIt.app */;
			productType = "com.apple.product-type.application";
		};
/* End PBXNativeTarget section */

/* Begin PBXProject section */
		E8BABFBA200E23F3009D81D1 /* Project object */ = {
			isa = PBXProject;
			attributes = {
				LastSwiftUpdateCheck = 0920;
				LastUpgradeCheck = 0920;
				ORGANIZATIONNAME = "Mohsin Ajmal";
				TargetAttributes = {
					E8BABFC1200E23F3009D81D1 = {
						CreatedOnToolsVersion = 9.2;
						ProvisioningStyle = Automatic;
					};
				};
			};
			buildConfigurationList = E8BABFBD200E23F3009D81D1 /* Build configuration list for PBXProject "LetsDoIt" */;
			compatibilityVersion = "Xcode 8.0";
			developmentRegion = en;
			hasScannedForEncodings = 0;
			knownRegions = (
				en,
				Base,
			);
			mainGroup = E8BABFB9200E23F3009D81D1;
			productRefGroup = E8BABFC3200E23F3009D81D1 /* Products */;
			projectDirPath = "";
			projectRoot = "";
			targets = (
				E8BABFC1200E23F3009D81D1 /* LetsDoIt */,
			);
		};
/* End PBXProject section */

/* Begin PBXResourcesBuildPhase section */
		E8BABFC0200E23F3009D81D1 /* Resources */ = {
			isa = PBXResourcesBuildPhase;
			buildActionMask = 2147483647;
			files = (
				E8BABFD0200E23F3009D81D1 /* LaunchScreen.storyboard in Resources */,
				E8BABFCD200E23F3009D81D1 /* Assets.xcassets in Resources */,
				E8BABFCB200E23F3009D81D1 /* Main.storyboard in Resources */,
			);
			runOnlyForDeploymentPostprocessing = 0;
		};
/* End PBXResourcesBuildPhase section */

/* Begin PBXShellScriptBuildPhase section */
		2E180F590B2B1343A23A8B2E /* [CP] Check Pods Manifest.lock */ = {
			isa = PBXShellScriptBuildPhase;
			buildActionMask = 2147483647;
			files = (
			);
			inputPaths = (
				"${PODS_PODFILE_DIR_PATH}/Podfile.lock",
				"${PODS_ROOT}/Manifest.lock",
			);
			name = "[CP] Check Pods Manifest.lock";
			outputPaths = (
				"$(DERIVED_FILE_DIR)/Pods-LetsDoIt-checkManifestLockResult.txt",
			);
			runOnlyForDeploymentPostprocessing = 0;
			shellPath = /bin/sh;
			shellScript = "diff \"${PODS_PODFILE_DIR_PATH}/Podfile.lock\" \"${PODS_ROOT}/Manifest.lock\" > /dev/null\nif [ $? != 0 ] ; then\n    # print error to STDERR\n    echo \"error: The sandbox is not in sync with the Podfile.lock. Run 'pod install' or update your CocoaPods installation.\" >&2\n    exit 1\nfi\n# This output is used by Xcode 'outputs' to avoid re-running this script phase.\necho \"SUCCESS\" > \"${SCRIPT_OUTPUT_FILE_0}\"\n";
			showEnvVarsInLog = 0;
		};
		4AC4C76588CFFA64472B04C5 /* [CP] Embed Pods Frameworks */ = {
			isa = PBXShellScriptBuildPhase;
			buildActionMask = 2147483647;
			files = (
			);
			inputPaths = (
				"${SRCROOT}/Pods/Target Support Files/Pods-LetsDoIt/Pods-LetsDoIt-frameworks.sh",
				"${BUILT_PRODUCTS_DIR}/Realm/Realm.framework",
				"${BUILT_PRODUCTS_DIR}/RealmSwift/RealmSwift.framework",
			);
			name = "[CP] Embed Pods Frameworks";
			outputPaths = (
				"${TARGET_BUILD_DIR}/${FRAMEWORKS_FOLDER_PATH}/Realm.framework",
				"${TARGET_BUILD_DIR}/${FRAMEWORKS_FOLDER_PATH}/RealmSwift.framework",
			);
			runOnlyForDeploymentPostprocessing = 0;
			shellPath = /bin/sh;
			shellScript = "\"${SRCROOT}/Pods/Target Support Files/Pods-LetsDoIt/Pods-LetsDoIt-frameworks.sh\"\n";
			showEnvVarsInLog = 0;
		};
		F8847DD06DCD101A6B485599 /* [CP] Copy Pods Resources */ = {
			isa = PBXShellScriptBuildPhase;
			buildActionMask = 2147483647;
			files = (
			);
			inputPaths = (
			);
			name = "[CP] Copy Pods Resources";
			outputPaths = (
			);
			runOnlyForDeploymentPostprocessing = 0;
			shellPath = /bin/sh;
			shellScript = "\"${SRCROOT}/Pods/Target Support Files/Pods-LetsDoIt/Pods-LetsDoIt-resources.sh\"\n";
			showEnvVarsInLog = 0;
		};
/* End PBXShellScriptBuildPhase section */

/* Begin PBXSourcesBuildPhase section */
		E8BABFBE200E23F3009D81D1 /* Sources */ = {
			isa = PBXSourcesBuildPhase;
			buildActionMask = 2147483647;
			files = (
				E8C36339201086E900120BDF /* CategoryViewController.swift in Sources */,
				E8BABFC8200E23F3009D81D1 /* TodoListViewController.swift in Sources */,
				E839D99C200F570B00E96F27 /* DataModel.xcdatamodeld in Sources */,
				E8BABFC6200E23F3009D81D1 /* AppDelegate.swift in Sources */,
			);
			runOnlyForDeploymentPostprocessing = 0;
		};
/* End PBXSourcesBuildPhase section */

/* Begin PBXVariantGroup section */
		E8BABFC9200E23F3009D81D1 /* Main.storyboard */ = {
			isa = PBXVariantGroup;
			children = (
				E8BABFCA200E23F3009D81D1 /* Base */,
			);
			name = Main.storyboard;
			sourceTree = "<group>";
		};
		E8BABFCE200E23F3009D81D1 /* LaunchScreen.storyboard */ = {
			isa = PBXVariantGroup;
			children = (
				E8BABFCF200E23F3009D81D1 /* Base */,
			);
			name = LaunchScreen.storyboard;
			sourceTree = "<group>";
		};
/* End PBXVariantGroup section */

/* Begin XCBuildConfiguration section */
		E8BABFD2200E23F3009D81D1 /* Debug */ = {
			isa = XCBuildConfiguration;
			buildSettings = {
				ALWAYS_SEARCH_USER_PATHS = NO;
				CLANG_ANALYZER_NONNULL = YES;
				CLANG_ANALYZER_NUMBER_OBJECT_CONVERSION = YES_AGGRESSIVE;
				CLANG_CXX_LANGUAGE_STANDARD = "gnu++14";
				CLANG_CXX_LIBRARY = "libc++";
				CLANG_ENABLE_MODULES = YES;
				CLANG_ENABLE_OBJC_ARC = YES;
				CLANG_WARN_BLOCK_CAPTURE_AUTORELEASING = YES;
				CLANG_WARN_BOOL_CONVERSION = YES;
				CLANG_WARN_COMMA = YES;
				CLANG_WARN_CONSTANT_CONVERSION = YES;
				CLANG_WARN_DIRECT_OBJC_ISA_USAGE = YES_ERROR;
				CLANG_WARN_DOCUMENTATION_COMMENTS = YES;
				CLANG_WARN_EMPTY_BODY = YES;
				CLANG_WARN_ENUM_CONVERSION = YES;
				CLANG_WARN_INFINITE_RECURSION = YES;
				CLANG_WARN_INT_CONVERSION = YES;
				CLANG_WARN_NON_LITERAL_NULL_CONVERSION = YES;
				CLANG_WARN_OBJC_LITERAL_CONVERSION = YES;
				CLANG_WARN_OBJC_ROOT_CLASS = YES_ERROR;
				CLANG_WARN_RANGE_LOOP_ANALYSIS = YES;
				CLANG_WARN_STRICT_PROTOTYPES = YES;
				CLANG_WARN_SUSPICIOUS_MOVE = YES;
				CLANG_WARN_UNGUARDED_AVAILABILITY = YES_AGGRESSIVE;
				CLANG_WARN_UNREACHABLE_CODE = YES;
				CLANG_WARN__DUPLICATE_METHOD_MATCH = YES;
				CODE_SIGN_IDENTITY = "iPhone Developer";
				COPY_PHASE_STRIP = NO;
				DEBUG_INFORMATION_FORMAT = dwarf;
				ENABLE_STRICT_OBJC_MSGSEND = YES;
				ENABLE_TESTABILITY = YES;
				GCC_C_LANGUAGE_STANDARD = gnu11;
				GCC_DYNAMIC_NO_PIC = NO;
				GCC_NO_COMMON_BLOCKS = YES;
				GCC_OPTIMIZATION_LEVEL = 0;
				GCC_PREPROCESSOR_DEFINITIONS = (
					"DEBUG=1",
					"$(inherited)",
				);
				GCC_WARN_64_TO_32_BIT_CONVERSION = YES;
				GCC_WARN_ABOUT_RETURN_TYPE = YES_ERROR;
				GCC_WARN_UNDECLARED_SELECTOR = YES;
				GCC_WARN_UNINITIALIZED_AUTOS = YES_AGGRESSIVE;
				GCC_WARN_UNUSED_FUNCTION = YES;
				GCC_WARN_UNUSED_VARIABLE = YES;
				IPHONEOS_DEPLOYMENT_TARGET = 11.2;
				MTL_ENABLE_DEBUG_INFO = YES;
				ONLY_ACTIVE_ARCH = YES;
				SDKROOT = iphoneos;
				SWIFT_ACTIVE_COMPILATION_CONDITIONS = DEBUG;
				SWIFT_OPTIMIZATION_LEVEL = "-Onone";
			};
			name = Debug;
		};
		E8BABFD3200E23F3009D81D1 /* Release */ = {
			isa = XCBuildConfiguration;
			buildSettings = {
				ALWAYS_SEARCH_USER_PATHS = NO;
				CLANG_ANALYZER_NONNULL = YES;
				CLANG_ANALYZER_NUMBER_OBJECT_CONVERSION = YES_AGGRESSIVE;
				CLANG_CXX_LANGUAGE_STANDARD = "gnu++14";
				CLANG_CXX_LIBRARY = "libc++";
				CLANG_ENABLE_MODULES = YES;
				CLANG_ENABLE_OBJC_ARC = YES;
				CLANG_WARN_BLOCK_CAPTURE_AUTORELEASING = YES;
				CLANG_WARN_BOOL_CONVERSION = YES;
				CLANG_WARN_COMMA = YES;
				CLANG_WARN_CONSTANT_CONVERSION = YES;
				CLANG_WARN_DIRECT_OBJC_ISA_USAGE = YES_ERROR;
				CLANG_WARN_DOCUMENTATION_COMMENTS = YES;
				CLANG_WARN_EMPTY_BODY = YES;
				CLANG_WARN_ENUM_CONVERSION = YES;
				CLANG_WARN_INFINITE_RECURSION = YES;
				CLANG_WARN_INT_CONVERSION = YES;
				CLANG_WARN_NON_LITERAL_NULL_CONVERSION = YES;
				CLANG_WARN_OBJC_LITERAL_CONVERSION = YES;
				CLANG_WARN_OBJC_ROOT_CLASS = YES_ERROR;
				CLANG_WARN_RANGE_LOOP_ANALYSIS = YES;
				CLANG_WARN_STRICT_PROTOTYPES = YES;
				CLANG_WARN_SUSPICIOUS_MOVE = YES;
				CLANG_WARN_UNGUARDED_AVAILABILITY = YES_AGGRESSIVE;
				CLANG_WARN_UNREACHABLE_CODE = YES;
				CLANG_WARN__DUPLICATE_METHOD_MATCH = YES;
				CODE_SIGN_IDENTITY = "iPhone Developer";
				COPY_PHASE_STRIP = NO;
				DEBUG_INFORMATION_FORMAT = "dwarf-with-dsym";
				ENABLE_NS_ASSERTIONS = NO;
				ENABLE_STRICT_OBJC_MSGSEND = YES;
				GCC_C_LANGUAGE_STANDARD = gnu11;
				GCC_NO_COMMON_BLOCKS = YES;
				GCC_WARN_64_TO_32_BIT_CONVERSION = YES;
				GCC_WARN_ABOUT_RETURN_TYPE = YES_ERROR;
				GCC_WARN_UNDECLARED_SELECTOR = YES;
				GCC_WARN_UNINITIALIZED_AUTOS = YES_AGGRESSIVE;
				GCC_WARN_UNUSED_FUNCTION = YES;
				GCC_WARN_UNUSED_VARIABLE = YES;
				IPHONEOS_DEPLOYMENT_TARGET = 11.2;
				MTL_ENABLE_DEBUG_INFO = NO;
				SDKROOT = iphoneos;
				SWIFT_OPTIMIZATION_LEVEL = "-Owholemodule";
				VALIDATE_PRODUCT = YES;
			};
			name = Release;
		};
		E8BABFD5200E23F3009D81D1 /* Debug */ = {
			isa = XCBuildConfiguration;
			baseConfigurationReference = FB4CB44E635B6E56CC1D8A5B /* Pods-LetsDoIt.debug.xcconfig */;
			buildSettings = {
				ASSETCATALOG_COMPILER_APPICON_NAME = AppIcon;
				CODE_SIGN_STYLE = Automatic;
				INFOPLIST_FILE = LetsDoIt/Info.plist;
				LD_RUNPATH_SEARCH_PATHS = "$(inherited) @executable_path/Frameworks";
				PRODUCT_BUNDLE_IDENTIFIER = com.theetadeveloper.LetsDoIt;
				PRODUCT_NAME = "$(TARGET_NAME)";
				SWIFT_VERSION = 4.0;
				TARGETED_DEVICE_FAMILY = "1,2";
			};
			name = Debug;
		};
		E8BABFD6200E23F3009D81D1 /* Release */ = {
			isa = XCBuildConfiguration;
			baseConfigurationReference = 637422DC9A50CA9EC781EDB9 /* Pods-LetsDoIt.release.xcconfig */;
			buildSettings = {
				ASSETCATALOG_COMPILER_APPICON_NAME = AppIcon;
				CODE_SIGN_STYLE = Automatic;
				INFOPLIST_FILE = LetsDoIt/Info.plist;
				LD_RUNPATH_SEARCH_PATHS = "$(inherited) @executable_path/Frameworks";
				PRODUCT_BUNDLE_IDENTIFIER = com.theetadeveloper.LetsDoIt;
				PRODUCT_NAME = "$(TARGET_NAME)";
				SWIFT_VERSION = 4.0;
				TARGETED_DEVICE_FAMILY = "1,2";
			};
			name = Release;
		};
/* End XCBuildConfiguration section */

/* Begin XCConfigurationList section */
		E8BABFBD200E23F3009D81D1 /* Build configuration list for PBXProject "LetsDoIt" */ = {
			isa = XCConfigurationList;
			buildConfigurations = (
				E8BABFD2200E23F3009D81D1 /* Debug */,
				E8BABFD3200E23F3009D81D1 /* Release */,
			);
			defaultConfigurationIsVisible = 0;
			defaultConfigurationName = Release;
		};
		E8BABFD4200E23F3009D81D1 /* Build configuration list for PBXNativeTarget "LetsDoIt" */ = {
			isa = XCConfigurationList;
			buildConfigurations = (
				E8BABFD5200E23F3009D81D1 /* Debug */,
				E8BABFD6200E23F3009D81D1 /* Release */,
			);
			defaultConfigurationIsVisible = 0;
			defaultConfigurationName = Release;
		};
/* End XCConfigurationList section */

/* Begin XCVersionGroup section */
		E839D99A200F570B00E96F27 /* DataModel.xcdatamodeld */ = {
			isa = XCVersionGroup;
			children = (
				E839D99B200F570B00E96F27 /* DataModel.xcdatamodel */,
			);
			currentVersion = E839D99B200F570B00E96F27 /* DataModel.xcdatamodel */;
			path = DataModel.xcdatamodeld;
			sourceTree = "<group>";
			versionGroupType = wrapper.xcdatamodel;
		};
/* End XCVersionGroup section */
	};
	rootObject = E8BABFBA200E23F3009D81D1 /* Project object */;
}
